
Microsoft Visual Studio Solution File, Format Version 12.00
# Visual Studio Version 17
VisualStudioVersion = 17.12.35527.113
MinimumVisualStudioVersion = 10.0.40219.1
Project("{FAE04EC0-301F-11D3-BF4B-00C04F79EFBC}") = "Project.WebUI", "Project.WebUI\Project.WebUI.csproj", "{3BCC8FF8-201B-4122-BE40-92B629D29F6B}"
EndProject
Project("{FAE04EC0-301F-11D3-BF4B-00C04F79EFBC}") = "Project.Domain", "Project.Domain\Project.Domain.csproj", "{F4F6CED3-C0BF-4C2F-994F-9FC0989D8970}"
EndProject
Project("{FAE04EC0-301F-11D3-BF4B-00C04F79EFBC}") = "Project.Infrastructure", "Project.Infrastructure\Project.Infrastructure.csproj", "{B396B8A1-B1A6-454C-881F-C9CA70E8CF9B}"
EndProject
Global
	GlobalSection(SolutionConfigurationPlatforms) = preSolution
		Debug|Any CPU = Debug|Any CPU
		Release|Any CPU = Release|Any CPU
	EndGlobalSection
	GlobalSection(ProjectConfigurationPlatforms) = postSolution
		{3BCC8FF8-201B-4122-BE40-92B629D29F6B}.Debug|Any CPU.ActiveCfg = Debug|Any CPU
		{3BCC8FF8-201B-4122-BE40-92B629D29F6B}.Debug|Any CPU.Build.0 = Debug|Any CPU
		{3BCC8FF8-201B-4122-BE40-92B629D29F6B}.Release|Any CPU.ActiveCfg = Release|Any CPU
		{3BCC8FF8-201B-4122-BE40-92B629D29F6B}.Release|Any CPU.Build.0 = Release|Any CPU
		{F4F6CED3-C0BF-4C2F-994F-9FC0989D8970}.Debug|Any CPU.ActiveCfg = Debug|Any CPU
		{F4F6CED3-C0BF-4C2F-994F-9FC0989D8970}.Debug|Any CPU.Build.0 = Debug|Any CPU
		{F4F6CED3-C0BF-4C2F-994F-9FC0989D8970}.Release|Any CPU.ActiveCfg = Release|Any CPU
		{F4F6CED3-C0BF-4C2F-994F-9FC0989D8970}.Release|Any CPU.Build.0 = Release|Any CPU
		{B396B8A1-B1A6-454C-881F-C9CA70E8CF9B}.Debug|Any CPU.ActiveCfg = Debug|Any CPU
		{B396B8A1-B1A6-454C-881F-C9CA70E8CF9B}.Debug|Any CPU.Build.0 = Debug|Any CPU
		{B396B8A1-B1A6-454C-881F-C9CA70E8CF9B}.Release|Any CPU.ActiveCfg = Release|Any CPU
		{B396B8A1-B1A6-454C-881F-C9CA70E8CF9B}.Release|Any CPU.Build.0 = Release|Any CPU
	EndGlobalSection
	GlobalSection(SolutionProperties) = preSolution
		HideSolutionNode = FALSE
	EndGlobalSection
EndGlobal
